
Microsoft Visual Studio Solution File, Format Version 12.00
# Visual Studio Version 17
VisualStudioVersion = 17.5.33424.131
MinimumVisualStudioVersion = 10.0.40219.1
Project("{9A19103F-16F7-4668-BE54-9A1E7A4F7556}") = "Web", "Web\Web.csproj", "{AFE7C944-1D79-453B-86D1-58D3EB5ADC85}"
EndProject
Project("{2150E333-8FDC-42A3-9474-1A3956D46DE8}") = "Adicionales", "Adicionales", "{9CF4B54D-0F6D-43E2-A223-1B05FBAA8C61}"
	ProjectSection(SolutionItems) = preProject
		.editorconfig = .editorconfig
		.gitignore = .gitignore
		README.md = README.md
	EndProjectSection
EndProject
Project("{FAE04EC0-301F-11D3-BF4B-00C04F79EFBC}") = "Tests", "Tests\Tests.csproj", "{CAEA7B3C-879B-4979-8AEC-4149E2353AC2}"
EndProject
Global
	GlobalSection(SolutionConfigurationPlatforms) = preSolution
		Debug|Any CPU = Debug|Any CPU
		Release|Any CPU = Release|Any CPU
	EndGlobalSection
	GlobalSection(ProjectConfigurationPlatforms) = postSolution
		{AFE7C944-1D79-453B-86D1-58D3EB5ADC85}.Debug|Any CPU.ActiveCfg = Debug|Any CPU
		{AFE7C944-1D79-453B-86D1-58D3EB5ADC85}.Debug|Any CPU.Build.0 = Debug|Any CPU
		{AFE7C944-1D79-453B-86D1-58D3EB5ADC85}.Release|Any CPU.ActiveCfg = Release|Any CPU
		{AFE7C944-1D79-453B-86D1-58D3EB5ADC85}.Release|Any CPU.Build.0 = Release|Any CPU
		{CAEA7B3C-879B-4979-8AEC-4149E2353AC2}.Debug|Any CPU.ActiveCfg = Debug|Any CPU
		{CAEA7B3C-879B-4979-8AEC-4149E2353AC2}.Debug|Any CPU.Build.0 = Debug|Any CPU
		{CAEA7B3C-879B-4979-8AEC-4149E2353AC2}.Release|Any CPU.ActiveCfg = Release|Any CPU
		{CAEA7B3C-879B-4979-8AEC-4149E2353AC2}.Release|Any CPU.Build.0 = Release|Any CPU
	EndGlobalSection
	GlobalSection(SolutionProperties) = preSolution
		HideSolutionNode = FALSE
	EndGlobalSection
	GlobalSection(ExtensibilityGlobals) = postSolution
		SolutionGuid = {034DC00B-17BE-43F1-BB23-D741E2F05867}
	EndGlobalSection
EndGlobal
